// !$*UTF8*$!
{
	archiveVersion = 1;
	classes = {
	};
	objectVersion = 46;
	objects = {

/* Begin PBXBuildFile section */
		064F39A41A07052A00BF7964 /* AppDelegate.swift in Sources */ = {isa = PBXBuildFile; fileRef = 064F39A31A07052A00BF7964 /* AppDelegate.swift */; };
		064F39A61A07052A00BF7964 /* ViewController.swift in Sources */ = {isa = PBXBuildFile; fileRef = 064F39A51A07052A00BF7964 /* ViewController.swift */; };
		064F39A91A07052A00BF7964 /* Main.storyboard in Resources */ = {isa = PBXBuildFile; fileRef = 064F39A71A07052A00BF7964 /* Main.storyboard */; };
		064F39AB1A07052A00BF7964 /* Images.xcassets in Resources */ = {isa = PBXBuildFile; fileRef = 064F39AA1A07052A00BF7964 /* Images.xcassets */; };
		064F39AE1A07052A00BF7964 /* LaunchScreen.xib in Resources */ = {isa = PBXBuildFile; fileRef = 064F39AC1A07052A00BF7964 /* LaunchScreen.xib */; };
		064F39BA1A07052A00BF7964 /* TaskItTests.swift in Sources */ = {isa = PBXBuildFile; fileRef = 064F39B91A07052A00BF7964 /* TaskItTests.swift */; };
		064F39C41A0C681900BF7964 /* CoreData.framework in Frameworks */ = {isa = PBXBuildFile; fileRef = 064F39C31A0C681900BF7964 /* CoreData.framework */; };
		064F39F81A0C6C1F00BF7964 /* TaskItModel.xcdatamodeld in Sources */ = {isa = PBXBuildFile; fileRef = 064F39F61A0C6C1F00BF7964 /* TaskItModel.xcdatamodeld */; };
		064F39FA1A0C6D3B00BF7964 /* TaskModel.swift in Sources */ = {isa = PBXBuildFile; fileRef = 064F39F91A0C6D3B00BF7964 /* TaskModel.swift */; };
		06A5ADAE1A7EBF5400B9900A /* ModelManager.swift in Sources */ = {isa = PBXBuildFile; fileRef = 06A5ADAD1A7EBF5400B9900A /* ModelManager.swift */; };
/* End PBXBuildFile section */

/* Begin PBXContainerItemProxy section */
		064F39B41A07052A00BF7964 /* PBXContainerItemProxy */ = {
			isa = PBXContainerItemProxy;
			containerPortal = 064F39961A07052A00BF7964 /* Project object */;
			proxyType = 1;
			remoteGlobalIDString = 064F399D1A07052A00BF7964;
			remoteInfo = TaskIt;
		};
/* End PBXContainerItemProxy section */

/* Begin PBXFileReference section */
		064F399E1A07052A00BF7964 /* TaskIt.app */ = {isa = PBXFileReference; explicitFileType = wrapper.application; includeInIndex = 0; path = TaskIt.app; sourceTree = BUILT_PRODUCTS_DIR; };
		064F39A21A07052A00BF7964 /* Info.plist */ = {isa = PBXFileReference; lastKnownFileType = text.plist.xml; path = Info.plist; sourceTree = "<group>"; };
		064F39A31A07052A00BF7964 /* AppDelegate.swift */ = {isa = PBXFileReference; lastKnownFileType = sourcecode.swift; path = AppDelegate.swift; sourceTree = "<group>"; };
		064F39A51A07052A00BF7964 /* ViewController.swift */ = {isa = PBXFileReference; lastKnownFileType = sourcecode.swift; path = ViewController.swift; sourceTree = "<group>"; };
		064F39A81A07052A00BF7964 /* Base */ = {isa = PBXFileReference; lastKnownFileType = file.storyboard; name = Base; path = Base.lproj/Main.storyboard; sourceTree = "<group>"; };
		064F39AA1A07052A00BF7964 /* Images.xcassets */ = {isa = PBXFileReference; lastKnownFileType = folder.assetcatalog; path = Images.xcassets; sourceTree = "<group>"; };
		064F39AD1A07052A00BF7964 /* Base */ = {isa = PBXFileReference; lastKnownFileType = file.xib; name = Base; path = Base.lproj/LaunchScreen.xib; sourceTree = "<group>"; };
		064F39B31A07052A00BF7964 /* TaskItTests.xctest */ = {isa = PBXFileReference; explicitFileType = wrapper.cfbundle; includeInIndex = 0; path = TaskItTests.xctest; sourceTree = BUILT_PRODUCTS_DIR; };
		064F39B81A07052A00BF7964 /* Info.plist */ = {isa = PBXFileReference; lastKnownFileType = text.plist.xml; path = Info.plist; sourceTree = "<group>"; };
		064F39B91A07052A00BF7964 /* TaskItTests.swift */ = {isa = PBXFileReference; lastKnownFileType = sourcecode.swift; path = TaskItTests.swift; sourceTree = "<group>"; };
		064F39C31A0C681900BF7964 /* CoreData.framework */ = {isa = PBXFileReference; lastKnownFileType = wrapper.framework; name = CoreData.framework; path = System/Library/Frameworks/CoreData.framework; sourceTree = SDKROOT; };
		064F39F71A0C6C1F00BF7964 /* TaskItModel.xcdatamodel */ = {isa = PBXFileReference; lastKnownFileType = wrapper.xcdatamodel; path = TaskItModel.xcdatamodel; sourceTree = "<group>"; };
		064F39F91A0C6D3B00BF7964 /* TaskModel.swift */ = {isa = PBXFileReference; fileEncoding = 4; lastKnownFileType = sourcecode.swift; name = TaskModel.swift; path = ../TaskModel.swift; sourceTree = "<group>"; };
		06A5ADAC1A7EBDE300B9900A /* TaskIt.entitlements */ = {isa = PBXFileReference; lastKnownFileType = text.xml; path = TaskIt.entitlements; sourceTree = "<group>"; };
		06A5ADAD1A7EBF5400B9900A /* ModelManager.swift */ = {isa = PBXFileReference; fileEncoding = 4; lastKnownFileType = sourcecode.swift; path = ModelManager.swift; sourceTree = "<group>"; };
/* End PBXFileReference section */

/* Begin PBXFrameworksBuildPhase section */
		064F399B1A07052A00BF7964 /* Frameworks */ = {
			isa = PBXFrameworksBuildPhase;
			buildActionMask = 2147483647;
			files = (
				064F39C41A0C681900BF7964 /* CoreData.framework in Frameworks */,
			);
			runOnlyForDeploymentPostprocessing = 0;
		};
		064F39B01A07052A00BF7964 /* Frameworks */ = {
			isa = PBXFrameworksBuildPhase;
			buildActionMask = 2147483647;
			files = (
			);
			runOnlyForDeploymentPostprocessing = 0;
		};
/* End PBXFrameworksBuildPhase section */

/* Begin PBXGroup section */
		064F39951A07052A00BF7964 = {
			isa = PBXGroup;
			children = (
				064F39A01A07052A00BF7964 /* TaskIt */,
				064F39B61A07052A00BF7964 /* TaskItTests */,
				064F399F1A07052A00BF7964 /* Products */,
			);
			sourceTree = "<group>";
		};
		064F399F1A07052A00BF7964 /* Products */ = {
			isa = PBXGroup;
			children = (
				064F399E1A07052A00BF7964 /* TaskIt.app */,
				064F39B31A07052A00BF7964 /* TaskItTests.xctest */,
			);
			name = Products;
			sourceTree = "<group>";
		};
		064F39A01A07052A00BF7964 /* TaskIt */ = {
			isa = PBXGroup;
			children = (
				06A5ADAC1A7EBDE300B9900A /* TaskIt.entitlements */,
				064F39A31A07052A00BF7964 /* AppDelegate.swift */,
				064F39A71A07052A00BF7964 /* Main.storyboard */,
				064F39A51A07052A00BF7964 /* ViewController.swift */,
				064F39F91A0C6D3B00BF7964 /* TaskModel.swift */,
				064F39F61A0C6C1F00BF7964 /* TaskItModel.xcdatamodeld */,
				06A5ADAD1A7EBF5400B9900A /* ModelManager.swift */,
				064F39AA1A07052A00BF7964 /* Images.xcassets */,
				064F39AC1A07052A00BF7964 /* LaunchScreen.xib */,
				064F39A11A07052A00BF7964 /* Supporting Files */,
			);
			path = TaskIt;
			sourceTree = "<group>";
		};
		064F39A11A07052A00BF7964 /* Supporting Files */ = {
			isa = PBXGroup;
			children = (
				064F39C31A0C681900BF7964 /* CoreData.framework */,
				064F39A21A07052A00BF7964 /* Info.plist */,
			);
			name = "Supporting Files";
			sourceTree = "<group>";
		};
		064F39B61A07052A00BF7964 /* TaskItTests */ = {
			isa = PBXGroup;
			children = (
				064F39B91A07052A00BF7964 /* TaskItTests.swift */,
				064F39B71A07052A00BF7964 /* Supporting Files */,
			);
			path = TaskItTests;
			sourceTree = "<group>";
		};
		064F39B71A07052A00BF7964 /* Supporting Files */ = {
			isa = PBXGroup;
			children = (
				064F39B81A07052A00BF7964 /* Info.plist */,
			);
			name = "Supporting Files";
			sourceTree = "<group>";
		};
/* End PBXGroup section */

/* Begin PBXNativeTarget section */
		064F399D1A07052A00BF7964 /* TaskIt */ = {
			isa = PBXNativeTarget;
			buildConfigurationList = 064F39BD1A07052A00BF7964 /* Build configuration list for PBXNativeTarget "TaskIt" */;
			buildPhases = (
				064F399A1A07052A00BF7964 /* Sources */,
				064F399B1A07052A00BF7964 /* Frameworks */,
				064F399C1A07052A00BF7964 /* Resources */,
			);
			buildRules = (
			);
			dependencies = (
			);
			name = TaskIt;
			productName = TaskIt;
			productReference = 064F399E1A07052A00BF7964 /* TaskIt.app */;
			productType = "com.apple.product-type.application";
		};
		064F39B21A07052A00BF7964 /* TaskItTests */ = {
			isa = PBXNativeTarget;
			buildConfigurationList = 064F39C01A07052A00BF7964 /* Build configuration list for PBXNativeTarget "TaskItTests" */;
			buildPhases = (
				064F39AF1A07052A00BF7964 /* Sources */,
				064F39B01A07052A00BF7964 /* Frameworks */,
				064F39B11A07052A00BF7964 /* Resources */,
			);
			buildRules = (
			);
			dependencies = (
				064F39B51A07052A00BF7964 /* PBXTargetDependency */,
			);
			name = TaskItTests;
			productName = TaskItTests;
			productReference = 064F39B31A07052A00BF7964 /* TaskItTests.xctest */;
			productType = "com.apple.product-type.bundle.unit-test";
		};
/* End PBXNativeTarget section */

/* Begin PBXProject section */
		064F39961A07052A00BF7964 /* Project object */ = {
			isa = PBXProject;
			attributes = {
				LastUpgradeCheck = 0610;
				ORGANIZATIONNAME = "ManDevil Programming";
				TargetAttributes = {
					064F399D1A07052A00BF7964 = {
						CreatedOnToolsVersion = 6.1;
						DevelopmentTeam = GTNZ9454WL;
						SystemCapabilities = {
							com.apple.iCloud = {
								enabled = 1;
							};
						};
					};
					064F39B21A07052A00BF7964 = {
						CreatedOnToolsVersion = 6.1;
						TestTargetID = 064F399D1A07052A00BF7964;
					};
				};
			};
			buildConfigurationList = 064F39991A07052A00BF7964 /* Build configuration list for PBXProject "TaskIt" */;
			compatibilityVersion = "Xcode 3.2";
			developmentRegion = English;
			hasScannedForEncodings = 0;
			knownRegions = (
				en,
				Base,
			);
			mainGroup = 064F39951A07052A00BF7964;
			productRefGroup = 064F399F1A07052A00BF7964 /* Products */;
			projectDirPath = "";
			projectRoot = "";
			targets = (
				064F399D1A07052A00BF7964 /* TaskIt */,
				064F39B21A07052A00BF7964 /* TaskItTests */,
			);
		};
/* End PBXProject section */

/* Begin PBXResourcesBuildPhase section */
		064F399C1A07052A00BF7964 /* Resources */ = {
			isa = PBXResourcesBuildPhase;
			buildActionMask = 2147483647;
			files = (
				064F39A91A07052A00BF7964 /* Main.storyboard in Resources */,
				064F39AE1A07052A00BF7964 /* LaunchScreen.xib in Resources */,
				064F39AB1A07052A00BF7964 /* Images.xcassets in Resources */,
			);
			runOnlyForDeploymentPostprocessing = 0;
		};
		064F39B11A07052A00BF7964 /* Resources */ = {
			isa = PBXResourcesBuildPhase;
			buildActionMask = 2147483647;
			files = (
			);
			runOnlyForDeploymentPostprocessing = 0;
		};
/* End PBXResourcesBuildPhase section */

/* Begin PBXSourcesBuildPhase section */
		064F399A1A07052A00BF7964 /* Sources */ = {
			isa = PBXSourcesBuildPhase;
			buildActionMask = 2147483647;
			files = (
				064F39A61A07052A00BF7964 /* ViewController.swift in Sources */,
				064F39F81A0C6C1F00BF7964 /* TaskItModel.xcdatamodeld in Sources */,
				06A5ADAE1A7EBF5400B9900A /* ModelManager.swift in Sources */,
				064F39FA1A0C6D3B00BF7964 /* TaskModel.swift in Sources */,
				064F39A41A07052A00BF7964 /* AppDelegate.swift in Sources */,
			);
			runOnlyForDeploymentPostprocessing = 0;
		};
		064F39AF1A07052A00BF7964 /* Sources */ = {
			isa = PBXSourcesBuildPhase;
			buildActionMask = 2147483647;
			files = (
				064F39BA1A07052A00BF7964 /* TaskItTests.swift in Sources */,
			);
			runOnlyForDeploymentPostprocessing = 0;
		};
/* End PBXSourcesBuildPhase section */

/* Begin PBXTargetDependency section */
		064F39B51A07052A00BF7964 /* PBXTargetDependency */ = {
			isa = PBXTargetDependency;
			target = 064F399D1A07052A00BF7964 /* TaskIt */;
			targetProxy = 064F39B41A07052A00BF7964 /* PBXContainerItemProxy */;
		};
/* End PBXTargetDependency section */

/* Begin PBXVariantGroup section */
		064F39A71A07052A00BF7964 /* Main.storyboard */ = {
			isa = PBXVariantGroup;
			children = (
				064F39A81A07052A00BF7964 /* Base */,
			);
			name = Main.storyboard;
			sourceTree = "<group>";
		};
		064F39AC1A07052A00BF7964 /* LaunchScreen.xib */ = {
			isa = PBXVariantGroup;
			children = (
				064F39AD1A07052A00BF7964 /* Base */,
			);
			name = LaunchScreen.xib;
			sourceTree = "<group>";
		};
/* End PBXVariantGroup section */

/* Begin XCBuildConfiguration section */
		064F39BB1A07052A00BF7964 /* Debug */ = {
			isa = XCBuildConfiguration;
			buildSettings = {
				ALWAYS_SEARCH_USER_PATHS = NO;
				CLANG_CXX_LANGUAGE_STANDARD = "gnu++0x";
				CLANG_CXX_LIBRARY = "libc++";
				CLANG_ENABLE_MODULES = YES;
				CLANG_ENABLE_OBJC_ARC = YES;
				CLANG_WARN_BOOL_CONVERSION = YES;
				CLANG_WARN_CONSTANT_CONVERSION = YES;
				CLANG_WARN_DIRECT_OBJC_ISA_USAGE = YES_ERROR;
				CLANG_WARN_EMPTY_BODY = YES;
				CLANG_WARN_ENUM_CONVERSION = YES;
				CLANG_WARN_INT_CONVERSION = YES;
				CLANG_WARN_OBJC_ROOT_CLASS = YES_ERROR;
				CLANG_WARN_UNREACHABLE_CODE = YES;
				CLANG_WARN__DUPLICATE_METHOD_MATCH = YES;
				"CODE_SIGN_IDENTITY[sdk=iphoneos*]" = "iPhone Developer";
				COPY_PHASE_STRIP = NO;
				ENABLE_STRICT_OBJC_MSGSEND = YES;
				GCC_C_LANGUAGE_STANDARD = gnu99;
				GCC_DYNAMIC_NO_PIC = NO;
				GCC_OPTIMIZATION_LEVEL = 0;
				GCC_PREPROCESSOR_DEFINITIONS = (
					"DEBUG=1",
					"$(inherited)",
				);
				GCC_SYMBOLS_PRIVATE_EXTERN = NO;
				GCC_WARN_64_TO_32_BIT_CONVERSION = YES;
				GCC_WARN_ABOUT_RETURN_TYPE = YES_ERROR;
				GCC_WARN_UNDECLARED_SELECTOR = YES;
				GCC_WARN_UNINITIALIZED_AUTOS = YES_AGGRESSIVE;
				GCC_WARN_UNUSED_FUNCTION = YES;
				GCC_WARN_UNUSED_VARIABLE = YES;
				IPHONEOS_DEPLOYMENT_TARGET = 8.1;
				MTL_ENABLE_DEBUG_INFO = YES;
				ONLY_ACTIVE_ARCH = YES;
				SDKROOT = iphoneos;
				SWIFT_OPTIMIZATION_LEVEL = "-Onone";
				TARGETED_DEVICE_FAMILY = "1,2";
			};
			name = Debug;
		};
		064F39BC1A07052A00BF7964 /* Release */ = {
			isa = XCBuildConfiguration;
			buildSettings = {
				ALWAYS_SEARCH_USER_PATHS = NO;
				CLANG_CXX_LANGUAGE_STANDARD = "gnu++0x";
				CLANG_CXX_LIBRARY = "libc++";
				CLANG_ENABLE_MODULES = YES;
				CLANG_ENABLE_OBJC_ARC = YES;
				CLANG_WARN_BOOL_CONVERSION = YES;
				CLANG_WARN_CONSTANT_CONVERSION = YES;
				CLANG_WARN_DIRECT_OBJC_ISA_USAGE = YES_ERROR;
				CLANG_WARN_EMPTY_BODY = YES;
				CLANG_WARN_ENUM_CONVERSION = YES;
				CLANG_WARN_INT_CONVERSION = YES;
				CLANG_WARN_OBJC_ROOT_CLASS = YES_ERROR;
				CLANG_WARN_UNREACHABLE_CODE = YES;
				CLANG_WARN__DUPLICATE_METHOD_MATCH = YES;
				"CODE_SIGN_IDENTITY[sdk=iphoneos*]" = "iPhone Developer";
				COPY_PHASE_STRIP = YES;
				ENABLE_NS_ASSERTIONS = NO;
				ENABLE_STRICT_OBJC_MSGSEND = YES;
				GCC_C_LANGUAGE_STANDARD = gnu99;
				GCC_WARN_64_TO_32_BIT_CONVERSION = YES;
				GCC_WARN_ABOUT_RETURN_TYPE = YES_ERROR;
				GCC_WARN_UNDECLARED_SELECTOR = YES;
				GCC_WARN_UNINITIALIZED_AUTOS = YES_AGGRESSIVE;
				GCC_WARN_UNUSED_FUNCTION = YES;
				GCC_WARN_UNUSED_VARIABLE = YES;
				IPHONEOS_DEPLOYMENT_TARGET = 8.1;
				MTL_ENABLE_DEBUG_INFO = NO;
				SDKROOT = iphoneos;
				TARGETED_DEVICE_FAMILY = "1,2";
				VALIDATE_PRODUCT = YES;
			};
			name = Release;
		};
		064F39BE1A07052A00BF7964 /* Debug */ = {
			isa = XCBuildConfiguration;
			buildSettings = {
				ASSETCATALOG_COMPILER_APPICON_NAME = AppIcon;
				CODE_SIGN_ENTITLEMENTS = TaskIt/TaskIt.entitlements;
				CODE_SIGN_IDENTITY = "iPhone Developer";
				"CODE_SIGN_IDENTITY[sdk=iphoneos*]" = "iPhone Developer";
				INFOPLIST_FILE = TaskIt/Info.plist;
				LD_RUNPATH_SEARCH_PATHS = "$(inherited) @executable_path/Frameworks";
				PRODUCT_NAME = "$(TARGET_NAME)";
				PROVISIONING_PROFILE = "";
			};
			name = Debug;
		};
		064F39BF1A07052A00BF7964 /* Release */ = {
			isa = XCBuildConfiguration;
			buildSettings = {
				ASSETCATALOG_COMPILER_APPICON_NAME = AppIcon;
				CODE_SIGN_ENTITLEMENTS = TaskIt/TaskIt.entitlements;
				CODE_SIGN_IDENTITY = "iPhone Developer";
				"CODE_SIGN_IDENTITY[sdk=iphoneos*]" = "iPhone Developer";
				INFOPLIST_FILE = TaskIt/Info.plist;
				LD_RUNPATH_SEARCH_PATHS = "$(inherited) @executable_path/Frameworks";
				PRODUCT_NAME = "$(TARGET_NAME)";
				PROVISIONING_PROFILE = "";
			};
			name = Release;
		};
		064F39C11A07052A00BF7964 /* Debug */ = {
			isa = XCBuildConfiguration;
			buildSettings = {
				BUNDLE_LOADER = "$(TEST_HOST)";
				FRAMEWORK_SEARCH_PATHS = (
					"$(SDKROOT)/Developer/Library/Frameworks",
					"$(inherited)",
				);
				GCC_PREPROCESSOR_DEFINITIONS = (
					"DEBUG=1",
					"$(inherited)",
				);
				INFOPLIST_FILE = TaskItTests/Info.plist;
				LD_RUNPATH_SEARCH_PATHS = "$(inherited) @executable_path/Frameworks @loader_path/Frameworks";
				PRODUCT_NAME = "$(TARGET_NAME)";
				TEST_HOST = "$(BUILT_PRODUCTS_DIR)/TaskIt.app/TaskIt";
			};
			name = Debug;
		};
		064F39C21A07052A00BF7964 /* Release */ = {
			isa = XCBuildConfiguration;
			buildSettings = {
				BUNDLE_LOADER = "$(TEST_HOST)";
				FRAMEWORK_SEARCH_PATHS = (
					"$(SDKROOT)/Developer/Library/Frameworks",
					"$(inherited)",
				);
				INFOPLIST_FILE = TaskItTests/Info.plist;
				LD_RUNPATH_SEARCH_PATHS = "$(inherited) @executable_path/Frameworks @loader_path/Frameworks";
				PRODUCT_NAME = "$(TARGET_NAME)";
				TEST_HOST = "$(BUILT_PRODUCTS_DIR)/TaskIt.app/TaskIt";
			};
			name = Release;
		};
/* End XCBuildConfiguration section */

/* Begin XCConfigurationList section */
		064F39991A07052A00BF7964 /* Build configuration list for PBXProject "TaskIt" */ = {
			isa = XCConfigurationList;
			buildConfigurations = (
				064F39BB1A07052A00BF7964 /* Debug */,
				064F39BC1A07052A00BF7964 /* Release */,
			);
			defaultConfigurationIsVisible = 0;
			defaultConfigurationName = Release;
		};
		064F39BD1A07052A00BF7964 /* Build configuration list for PBXNativeTarget "TaskIt" */ = {
			isa = XCConfigurationList;
			buildConfigurations = (
				064F39BE1A07052A00BF7964 /* Debug */,
				064F39BF1A07052A00BF7964 /* Release */,
			);
			defaultConfigurationIsVisible = 0;
			defaultConfigurationName = Release;
		};
		064F39C01A07052A00BF7964 /* Build configuration list for PBXNativeTarget "TaskItTests" */ = {
			isa = XCConfigurationList;
			buildConfigurations = (
				064F39C11A07052A00BF7964 /* Debug */,
				064F39C21A07052A00BF7964 /* Release */,
			);
			defaultConfigurationIsVisible = 0;
			defaultConfigurationName = Release;
		};
/* End XCConfigurationList section */

/* Begin XCVersionGroup section */
		064F39F61A0C6C1F00BF7964 /* TaskItModel.xcdatamodeld */ = {
			isa = XCVersionGroup;
			children = (
				064F39F71A0C6C1F00BF7964 /* TaskItModel.xcdatamodel */,
			);
			currentVersion = 064F39F71A0C6C1F00BF7964 /* TaskItModel.xcdatamodel */;
			path = TaskItModel.xcdatamodeld;
			sourceTree = "<group>";
			versionGroupType = wrapper.xcdatamodel;
		};
/* End XCVersionGroup section */
	};
	rootObject = 064F39961A07052A00BF7964 /* Project object */;
}
